// !$*UTF8*$!
{
	archiveVersion = 1;
	classes = {
	};
	objectVersion = 46;
	objects = {

/* Begin PBXBuildFile section */
		DAAF0E011D6AA920005FA26D /* AppDelegate.swift in Sources */ = {isa = PBXBuildFile; fileRef = DAAF0E001D6AA920005FA26D /* AppDelegate.swift */; };
		DAAF0E031D6AA920005FA26D /* ViewController.swift in Sources */ = {isa = PBXBuildFile; fileRef = DAAF0E021D6AA920005FA26D /* ViewController.swift */; };
		DAAF0E061D6AA920005FA26D /* Main.storyboard in Resources */ = {isa = PBXBuildFile; fileRef = DAAF0E041D6AA920005FA26D /* Main.storyboard */; };
		DAAF0E081D6AA920005FA26D /* Assets.xcassets in Resources */ = {isa = PBXBuildFile; fileRef = DAAF0E071D6AA920005FA26D /* Assets.xcassets */; };
		DAAF0E0B1D6AA920005FA26D /* LaunchScreen.storyboard in Resources */ = {isa = PBXBuildFile; fileRef = DAAF0E091D6AA920005FA26D /* LaunchScreen.storyboard */; };
/* End PBXBuildFile section */

/* Begin PBXFileReference section */
		DAAF0DFD1D6AA920005FA26D /* RunShoseRecord.app */ = {isa = PBXFileReference; explicitFileType = wrapper.application; includeInIndex = 0; path = RunShoseRecord.app; sourceTree = BUILT_PRODUCTS_DIR; };
		DAAF0E001D6AA920005FA26D /* AppDelegate.swift */ = {isa = PBXFileReference; lastKnownFileType = sourcecode.swift; path = AppDelegate.swift; sourceTree = "<group>"; };
		DAAF0E021D6AA920005FA26D /* ViewController.swift */ = {isa = PBXFileReference; lastKnownFileType = sourcecode.swift; path = ViewController.swift; sourceTree = "<group>"; };
		DAAF0E051D6AA920005FA26D /* Base */ = {isa = PBXFileReference; lastKnownFileType = file.storyboard; name = Base; path = Base.lproj/Main.storyboard; sourceTree = "<group>"; };
		DAAF0E071D6AA920005FA26D /* Assets.xcassets */ = {isa = PBXFileReference; lastKnownFileType = folder.assetcatalog; path = Assets.xcassets; sourceTree = "<group>"; };
		DAAF0E0A1D6AA920005FA26D /* Base */ = {isa = PBXFileReference; lastKnownFileType = file.storyboard; name = Base; path = Base.lproj/LaunchScreen.storyboard; sourceTree = "<group>"; };
		DAAF0E0C1D6AA920005FA26D /* Info.plist */ = {isa = PBXFileReference; lastKnownFileType = text.plist.xml; path = Info.plist; sourceTree = "<group>"; };
/* End PBXFileReference section */

/* Begin PBXFrameworksBuildPhase section */
		DAAF0DFA1D6AA920005FA26D /* Frameworks */ = {
			isa = PBXFrameworksBuildPhase;
			buildActionMask = 2147483647;
			files = (
			);
			runOnlyForDeploymentPostprocessing = 0;
		};
/* End PBXFrameworksBuildPhase section */

/* Begin PBXGroup section */
		DAAF0DF41D6AA920005FA26D = {
			isa = PBXGroup;
			children = (
				DAAF0DFF1D6AA920005FA26D /* RunShoseRecord */,
				DAAF0DFE1D6AA920005FA26D /* Products */,
			);
			sourceTree = "<group>";
		};
		DAAF0DFE1D6AA920005FA26D /* Products */ = {
			isa = PBXGroup;
			children = (
				DAAF0DFD1D6AA920005FA26D /* RunShoseRecord.app */,
			);
			name = Products;
			sourceTree = "<group>";
		};
		DAAF0DFF1D6AA920005FA26D /* RunShoseRecord */ = {
			isa = PBXGroup;
			children = (
				DAAF0E001D6AA920005FA26D /* AppDelegate.swift */,
				DAAF0E021D6AA920005FA26D /* ViewController.swift */,
				DAAF0E041D6AA920005FA26D /* Main.storyboard */,
				DAAF0E071D6AA920005FA26D /* Assets.xcassets */,
				DAAF0E091D6AA920005FA26D /* LaunchScreen.storyboard */,
				DAAF0E0C1D6AA920005FA26D /* Info.plist */,
			);
			path = RunShoseRecord;
			sourceTree = "<group>";
		};
/* End PBXGroup section */

/* Begin PBXNativeTarget section */
		DAAF0DFC1D6AA920005FA26D /* RunShoseRecord */ = {
			isa = PBXNativeTarget;
			buildConfigurationList = DAAF0E0F1D6AA920005FA26D /* Build configuration list for PBXNativeTarget "RunShoseRecord" */;
			buildPhases = (
				DAAF0DF91D6AA920005FA26D /* Sources */,
				DAAF0DFA1D6AA920005FA26D /* Frameworks */,
				DAAF0DFB1D6AA920005FA26D /* Resources */,
			);
			buildRules = (
			);
			dependencies = (
			);
			name = RunShoseRecord;
			productName = RunShoseRecord;
			productReference = DAAF0DFD1D6AA920005FA26D /* RunShoseRecord.app */;
			productType = "com.apple.product-type.application";
		};
/* End PBXNativeTarget section */

/* Begin PBXProject section */
		DAAF0DF51D6AA920005FA26D /* Project object */ = {
			isa = PBXProject;
			attributes = {
				LastSwiftUpdateCheck = 0730;
				LastUpgradeCheck = 0730;
				ORGANIZATIONNAME = lauda;
				TargetAttributes = {
					DAAF0DFC1D6AA920005FA26D = {
						CreatedOnToolsVersion = 7.3.1;
					};
				};
			};
			buildConfigurationList = DAAF0DF81D6AA920005FA26D /* Build configuration list for PBXProject "RunShoseRecord" */;
			compatibilityVersion = "Xcode 3.2";
			developmentRegion = English;
			hasScannedForEncodings = 0;
			knownRegions = (
				en,
				Base,
			);
			mainGroup = DAAF0DF41D6AA920005FA26D;
			productRefGroup = DAAF0DFE1D6AA920005FA26D /* Products */;
			projectDirPath = "";
			projectRoot = "";
			targets = (
				DAAF0DFC1D6AA920005FA26D /* RunShoseRecord */,
			);
		};
/* End PBXProject section */

/* Begin PBXResourcesBuildPhase section */
		DAAF0DFB1D6AA920005FA26D /* Resources */ = {
			isa = PBXResourcesBuildPhase;
			buildActionMask = 2147483647;
			files = (
				DAAF0E0B1D6AA920005FA26D /* LaunchScreen.storyboard in Resources */,
				DAAF0E081D6AA920005FA26D /* Assets.xcassets in Resources */,
				DAAF0E061D6AA920005FA26D /* Main.storyboard in Resources */,
			);
			runOnlyForDeploymentPostprocessing = 0;
		};
/* End PBXResourcesBuildPhase section */

/* Begin PBXSourcesBuildPhase section */
		DAAF0DF91D6AA920005FA26D /* Sources */ = {
			isa = PBXSourcesBuildPhase;
			buildActionMask = 2147483647;
			files = (
				DAAF0E031D6AA920005FA26D /* ViewController.swift in Sources */,
				DAAF0E011D6AA920005FA26D /* AppDelegate.swift in Sources */,
			);
			runOnlyForDeploymentPostprocessing = 0;
		};
/* End PBXSourcesBuildPhase section */

/* Begin PBXVariantGroup section */
		DAAF0E041D6AA920005FA26D /* Main.storyboard */ = {
			isa = PBXVariantGroup;
			children = (
				DAAF0E051D6AA920005FA26D /* Base */,
			);
			name = Main.storyboard;
			sourceTree = "<group>";
		};
		DAAF0E091D6AA920005FA26D /* LaunchScreen.storyboard */ = {
			isa = PBXVariantGroup;
			children = (
				DAAF0E0A1D6AA920005FA26D /* Base */,
			);
			name = LaunchScreen.storyboard;
			sourceTree = "<group>";
		};
/* End PBXVariantGroup section */

/* Begin XCBuildConfiguration section */
		DAAF0E0D1D6AA920005FA26D /* Debug */ = {
			isa = XCBuildConfiguration;
			buildSettings = {
				ALWAYS_SEARCH_USER_PATHS = NO;
				CLANG_ANALYZER_NONNULL = YES;
				CLANG_CXX_LANGUAGE_STANDARD = "gnu++0x";
				CLANG_CXX_LIBRARY = "libc++";
				CLANG_ENABLE_MODULES = YES;
				CLANG_ENABLE_OBJC_ARC = YES;
				CLANG_WARN_BOOL_CONVERSION = YES;
				CLANG_WARN_CONSTANT_CONVERSION = YES;
				CLANG_WARN_DIRECT_OBJC_ISA_USAGE = YES_ERROR;
				CLANG_WARN_EMPTY_BODY = YES;
				CLANG_WARN_ENUM_CONVERSION = YES;
				CLANG_WARN_INT_CONVERSION = YES;
				CLANG_WARN_OBJC_ROOT_CLASS = YES_ERROR;
				CLANG_WARN_UNREACHABLE_CODE = YES;
				CLANG_WARN__DUPLICATE_METHOD_MATCH = YES;
				"CODE_SIGN_IDENTITY[sdk=iphoneos*]" = "iPhone Developer";
				COPY_PHASE_STRIP = NO;
				DEBUG_INFORMATION_FORMAT = dwarf;
				ENABLE_STRICT_OBJC_MSGSEND = YES;
				ENABLE_TESTABILITY = YES;
				GCC_C_LANGUAGE_STANDARD = gnu99;
				GCC_DYNAMIC_NO_PIC = NO;
				GCC_NO_COMMON_BLOCKS = YES;
				GCC_OPTIMIZATION_LEVEL = 0;
				GCC_PREPROCESSOR_DEFINITIONS = (
					"DEBUG=1",
					"$(inherited)",
				);
				GCC_WARN_64_TO_32_BIT_CONVERSION = YES;
				GCC_WARN_ABOUT_RETURN_TYPE = YES_ERROR;
				GCC_WARN_UNDECLARED_SELECTOR = YES;
				GCC_WARN_UNINITIALIZED_AUTOS = YES_AGGRESSIVE;
				GCC_WARN_UNUSED_FUNCTION = YES;
				GCC_WARN_UNUSED_VARIABLE = YES;
				IPHONEOS_DEPLOYMENT_TARGET = 9.3;
				MTL_ENABLE_DEBUG_INFO = YES;
				ONLY_ACTIVE_ARCH = YES;
				SDKROOT = iphoneos;
				SWIFT_OPTIMIZATION_LEVEL = "-Onone";
				TARGETED_DEVICE_FAMILY = "1,2";
			};
			name = Debug;
		};
		DAAF0E0E1D6AA920005FA26D /* Release */ = {
			isa = XCBuildConfiguration;
			buildSettings = {
				ALWAYS_SEARCH_USER_PATHS = NO;
				CLANG_ANALYZER_NONNULL = YES;
				CLANG_CXX_LANGUAGE_STANDARD = "gnu++0x";
				CLANG_CXX_LIBRARY = "libc++";
				CLANG_ENABLE_MODULES = YES;
				CLANG_ENABLE_OBJC_ARC = YES;
				CLANG_WARN_BOOL_CONVERSION = YES;
				CLANG_WARN_CONSTANT_CONVERSION = YES;
				CLANG_WARN_DIRECT_OBJC_ISA_USAGE = YES_ERROR;
				CLANG_WARN_EMPTY_BODY = YES;
				CLANG_WARN_ENUM_CONVERSION = YES;
				CLANG_WARN_INT_CONVERSION = YES;
				CLANG_WARN_OBJC_ROOT_CLASS = YES_ERROR;
				CLANG_WARN_UNREACHABLE_CODE = YES;
				CLANG_WARN__DUPLICATE_METHOD_MATCH = YES;
				"CODE_SIGN_IDENTITY[sdk=iphoneos*]" = "iPhone Developer";
				COPY_PHASE_STRIP = NO;
				DEBUG_INFORMATION_FORMAT = "dwarf-with-dsym";
				ENABLE_NS_ASSERTIONS = NO;
				ENABLE_STRICT_OBJC_MSGSEND = YES;
				GCC_C_LANGUAGE_STANDARD = gnu99;
				GCC_NO_COMMON_BLOCKS = YES;
				GCC_WARN_64_TO_32_BIT_CONVERSION = YES;
				GCC_WARN_ABOUT_RETURN_TYPE = YES_ERROR;
				GCC_WARN_UNDECLARED_SELECTOR = YES;
				GCC_WARN_UNINITIALIZED_AUTOS = YES_AGGRESSIVE;
				GCC_WARN_UNUSED_FUNCTION = YES;
				GCC_WARN_UNUSED_VARIABLE = YES;
				IPHONEOS_DEPLOYMENT_TARGET = 9.3;
				MTL_ENABLE_DEBUG_INFO = NO;
				SDKROOT = iphoneos;
				TARGETED_DEVICE_FAMILY = "1,2";
				VALIDATE_PRODUCT = YES;
			};
			name = Release;
		};
		DAAF0E101D6AA920005FA26D /* Debug */ = {
			isa = XCBuildConfiguration;
			buildSettings = {
				ASSETCATALOG_COMPILER_APPICON_NAME = AppIcon;
				INFOPLIST_FILE = RunShoseRecord/Info.plist;
				LD_RUNPATH_SEARCH_PATHS = "$(inherited) @executable_path/Frameworks";
				PRODUCT_BUNDLE_IDENTIFIER = com.laudaxgg.RunShoseRecord;
				PRODUCT_NAME = "$(TARGET_NAME)";
			};
			name = Debug;
		};
		DAAF0E111D6AA920005FA26D /* Release */ = {
			isa = XCBuildConfiguration;
			buildSettings = {
				ASSETCATALOG_COMPILER_APPICON_NAME = AppIcon;
				INFOPLIST_FILE = RunShoseRecord/Info.plist;
				LD_RUNPATH_SEARCH_PATHS = "$(inherited) @executable_path/Frameworks";
				PRODUCT_BUNDLE_IDENTIFIER = com.laudaxgg.RunShoseRecord;
				PRODUCT_NAME = "$(TARGET_NAME)";
			};
			name = Release;
		};
/* End XCBuildConfiguration section */

/* Begin XCConfigurationList section */
		DAAF0DF81D6AA920005FA26D /* Build configuration list for PBXProject "RunShoseRecord" */ = {
			isa = XCConfigurationList;
			buildConfigurations = (
				DAAF0E0D1D6AA920005FA26D /* Debug */,
				DAAF0E0E1D6AA920005FA26D /* Release */,
			);
			defaultConfigurationIsVisible = 0;
			defaultConfigurationName = Release;
		};
		DAAF0E0F1D6AA920005FA26D /* Build configuration list for PBXNativeTarget "RunShoseRecord" */ = {
			isa = XCConfigurationList;
			buildConfigurations = (
				DAAF0E101D6AA920005FA26D /* Debug */,
				DAAF0E111D6AA920005FA26D /* Release */,
			);
			defaultConfigurationIsVisible = 0;
		};
/* End XCConfigurationList section */
	};
	rootObject = DAAF0DF51D6AA920005FA26D /* Project object */;
}
